
Microsoft Visual Studio Solution File, Format Version 12.00
# Visual Studio Version 17
VisualStudioVersion = 17.1.31903.286
MinimumVisualStudioVersion = 10.0.40219.1
Project("{FAE04EC0-301F-11D3-BF4B-00C04F79EFBC}") = "TorHiddenServiceHelper", "TorHiddenServiceHelper\TorHiddenServiceHelper.csproj", "{4892830E-60B4-4A22-A592-C95DB7E6CCAE}"
EndProject
Global
	GlobalSection(SolutionConfigurationPlatforms) = preSolution
		Debug|Any CPU = Debug|Any CPU
		Release|Any CPU = Release|Any CPU
	EndGlobalSection
	GlobalSection(ProjectConfigurationPlatforms) = postSolution
		{4892830E-60B4-4A22-A592-C95DB7E6CCAE}.Debug|Any CPU.ActiveCfg = Debug|Any CPU
		{4892830E-60B4-4A22-A592-C95DB7E6CCAE}.Debug|Any CPU.Build.0 = Debug|Any CPU
		{4892830E-60B4-4A22-A592-C95DB7E6CCAE}.Release|Any CPU.ActiveCfg = Release|Any CPU
		{4892830E-60B4-4A22-A592-C95DB7E6CCAE}.Release|Any CPU.Build.0 = Release|Any CPU
	EndGlobalSection
	GlobalSection(SolutionProperties) = preSolution
		HideSolutionNode = FALSE
	EndGlobalSection
	GlobalSection(ExtensibilityGlobals) = postSolution
		SolutionGuid = {708A1E0E-9B97-40A8-8433-1748671B6810}
	EndGlobalSection
EndGlobal
